
Microsoft Visual Studio Solution File, Format Version 12.00
# Visual Studio Version 16
VisualStudioVersion = 16.0.29025.244
MinimumVisualStudioVersion = 10.0.40219.1
Project("{FAE04EC0-301F-11D3-BF4B-00C04F79EFBC}") = "WebApi_Trial", "WebApi_Trial\WebApi_Trial.csproj", "{C2A34D23-460F-4BF5-9FED-92F8CCF42D38}"
EndProject
Global
	GlobalSection(SolutionConfigurationPlatforms) = preSolution
		Debug|Any CPU = Debug|Any CPU
		Release|Any CPU = Release|Any CPU
	EndGlobalSection
	GlobalSection(ProjectConfigurationPlatforms) = postSolution
		{C2A34D23-460F-4BF5-9FED-92F8CCF42D38}.Debug|Any CPU.ActiveCfg = Debug|Any CPU
		{C2A34D23-460F-4BF5-9FED-92F8CCF42D38}.Debug|Any CPU.Build.0 = Debug|Any CPU
		{C2A34D23-460F-4BF5-9FED-92F8CCF42D38}.Release|Any CPU.ActiveCfg = Release|Any CPU
		{C2A34D23-460F-4BF5-9FED-92F8CCF42D38}.Release|Any CPU.Build.0 = Release|Any CPU
	EndGlobalSection
	GlobalSection(SolutionProperties) = preSolution
		HideSolutionNode = FALSE
	EndGlobalSection
	GlobalSection(ExtensibilityGlobals) = postSolution
		SolutionGuid = {0147DACC-666F-40A2-85BA-F141E9039D81}
	EndGlobalSection
EndGlobal
